
Microsoft Visual Studio Solution File, Format Version 12.00
# Visual Studio 15
VisualStudioVersion = 15.0.26430.14
MinimumVisualStudioVersion = 10.0.40219.1
Project("{9A19103F-16F7-4668-BE54-9A1E7A4F7556}") = "SSOServer", "SSOServer.csproj", "{2DBCDE34-5746-4A7C-A038-DCF2F6DA5AD2}"
EndProject
Project("{9A19103F-16F7-4668-BE54-9A1E7A4F7556}") = "SSOServer.Core", "..\SSOServer.Core\SSOServer.Core.csproj", "{1995173F-37FC-424C-AF86-E47B0C0DE3B1}"
EndProject
Project("{9A19103F-16F7-4668-BE54-9A1E7A4F7556}") = "SSOServer.Providers", "..\SSOServer.Providers\SSOServer.Providers.csproj", "{F5C13E58-859D-4BAA-BB02-EB5DE363EC27}"
EndProject
Project("{9A19103F-16F7-4668-BE54-9A1E7A4F7556}") = "SSOServer.Providers.Mock", "..\SSOServer.Providers.Mock\SSOServer.Providers.Mock.csproj", "{BFBD4CC3-EA99-49AD-BCCB-D083A8F5628B}"
EndProject
Global
	GlobalSection(SolutionConfigurationPlatforms) = preSolution
		Debug|Any CPU = Debug|Any CPU
		Release|Any CPU = Release|Any CPU
	EndGlobalSection
	GlobalSection(ProjectConfigurationPlatforms) = postSolution
		{2DBCDE34-5746-4A7C-A038-DCF2F6DA5AD2}.Debug|Any CPU.ActiveCfg = Debug|Any CPU
		{2DBCDE34-5746-4A7C-A038-DCF2F6DA5AD2}.Debug|Any CPU.Build.0 = Debug|Any CPU
		{2DBCDE34-5746-4A7C-A038-DCF2F6DA5AD2}.Release|Any CPU.ActiveCfg = Release|Any CPU
		{2DBCDE34-5746-4A7C-A038-DCF2F6DA5AD2}.Release|Any CPU.Build.0 = Release|Any CPU
		{1995173F-37FC-424C-AF86-E47B0C0DE3B1}.Debug|Any CPU.ActiveCfg = Debug|Any CPU
		{1995173F-37FC-424C-AF86-E47B0C0DE3B1}.Debug|Any CPU.Build.0 = Debug|Any CPU
		{1995173F-37FC-424C-AF86-E47B0C0DE3B1}.Release|Any CPU.ActiveCfg = Release|Any CPU
		{1995173F-37FC-424C-AF86-E47B0C0DE3B1}.Release|Any CPU.Build.0 = Release|Any CPU
		{F5C13E58-859D-4BAA-BB02-EB5DE363EC27}.Debug|Any CPU.ActiveCfg = Debug|Any CPU
		{F5C13E58-859D-4BAA-BB02-EB5DE363EC27}.Debug|Any CPU.Build.0 = Debug|Any CPU
		{F5C13E58-859D-4BAA-BB02-EB5DE363EC27}.Release|Any CPU.ActiveCfg = Release|Any CPU
		{F5C13E58-859D-4BAA-BB02-EB5DE363EC27}.Release|Any CPU.Build.0 = Release|Any CPU
		{BFBD4CC3-EA99-49AD-BCCB-D083A8F5628B}.Debug|Any CPU.ActiveCfg = Debug|Any CPU
		{BFBD4CC3-EA99-49AD-BCCB-D083A8F5628B}.Debug|Any CPU.Build.0 = Debug|Any CPU
		{BFBD4CC3-EA99-49AD-BCCB-D083A8F5628B}.Release|Any CPU.ActiveCfg = Release|Any CPU
		{BFBD4CC3-EA99-49AD-BCCB-D083A8F5628B}.Release|Any CPU.Build.0 = Release|Any CPU
	EndGlobalSection
	GlobalSection(SolutionProperties) = preSolution
		HideSolutionNode = FALSE
	EndGlobalSection
EndGlobal
